
Microsoft Visual Studio Solution File, Format Version 12.00
# Visual Studio Version 17
VisualStudioVersion = 17.8.34330.188
MinimumVisualStudioVersion = 10.0.40219.1
Project("{FAE04EC0-301F-11D3-BF4B-00C04F79EFBC}") = "MauiWidgetlabLabs", "MauiWidgetlabLabs.csproj", "{963E6D2E-3A94-4B03-9B4A-7BBC2C3C8D85}"
EndProject
Global
	GlobalSection(SolutionConfigurationPlatforms) = preSolution
		Debug|Any CPU = Debug|Any CPU
		Release|Any CPU = Release|Any CPU
	EndGlobalSection
	GlobalSection(ProjectConfigurationPlatforms) = postSolution
		{963E6D2E-3A94-4B03-9B4A-7BBC2C3C8D85}.Debug|Any CPU.ActiveCfg = Debug|Any CPU
		{963E6D2E-3A94-4B03-9B4A-7BBC2C3C8D85}.Debug|Any CPU.Build.0 = Debug|Any CPU
		{963E6D2E-3A94-4B03-9B4A-7BBC2C3C8D85}.Debug|Any CPU.Deploy.0 = Debug|Any CPU
		{963E6D2E-3A94-4B03-9B4A-7BBC2C3C8D85}.Release|Any CPU.ActiveCfg = Release|Any CPU
		{963E6D2E-3A94-4B03-9B4A-7BBC2C3C8D85}.Release|Any CPU.Build.0 = Release|Any CPU
		{963E6D2E-3A94-4B03-9B4A-7BBC2C3C8D85}.Release|Any CPU.Deploy.0 = Release|Any CPU
	EndGlobalSection
	GlobalSection(SolutionProperties) = preSolution
		HideSolutionNode = FALSE
	EndGlobalSection
	GlobalSection(ExtensibilityGlobals) = postSolution
		SolutionGuid = {BD1FD2FC-2597-4A22-AFEC-7005BAD7DF9C}
	EndGlobalSection
EndGlobal
